// !$*UTF8*$!
{
	archiveVersion = 1;
	classes = {
	};
	objectVersion = 46;
	objects = {

/* Begin PBXBuildFile section */
		1F0829B31C76D22B00A30621 /* libAppLovinTVOS.a in Frameworks */ = {isa = PBXBuildFile; fileRef = 1F0829B21C76D22B00A30621 /* libAppLovinTVOS.a */; };
		1F0829B51C76D27F00A30621 /* AdSupport.framework in Frameworks */ = {isa = PBXBuildFile; fileRef = 1F0829B41C76D27F00A30621 /* AdSupport.framework */; };
		1F0829B71C76D29300A30621 /* CoreGraphics.framework in Frameworks */ = {isa = PBXBuildFile; fileRef = 1F0829B61C76D29300A30621 /* CoreGraphics.framework */; };
		1F0829B91C76D2A900A30621 /* CoreMedia.framework in Frameworks */ = {isa = PBXBuildFile; fileRef = 1F0829B81C76D2A900A30621 /* CoreMedia.framework */; };
		1F0829BB1C76D2BF00A30621 /* StoreKit.framework in Frameworks */ = {isa = PBXBuildFile; fileRef = 1F0829BA1C76D2BF00A30621 /* StoreKit.framework */; };
		1F0829BD1C76D2D200A30621 /* SystemConfiguration.framework in Frameworks */ = {isa = PBXBuildFile; fileRef = 1F0829BC1C76D2D200A30621 /* SystemConfiguration.framework */; };
		1F0829BF1C76D2E300A30621 /* UIKit.framework in Frameworks */ = {isa = PBXBuildFile; fileRef = 1F0829BE1C76D2E300A30621 /* UIKit.framework */; };
		1F0EA6341C3705A50069BFE0 /* AVKit.framework in Frameworks */ = {isa = PBXBuildFile; fileRef = 1F0EA6331C3705A50069BFE0 /* AVKit.framework */; };
		1F0EA6361C3705AC0069BFE0 /* AVFoundation.framework in Frameworks */ = {isa = PBXBuildFile; fileRef = 1F0EA6351C3705AC0069BFE0 /* AVFoundation.framework */; };
		1F0EA6381C3811AB0069BFE0 /* todd_marlin.jpg in Resources */ = {isa = PBXBuildFile; fileRef = 1F0EA6371C3811AB0069BFE0 /* todd_marlin.jpg */; };
		1F3D29CE1C8C855F00E35CAD /* todd_marlin_bkg.png in Resources */ = {isa = PBXBuildFile; fileRef = 1F3D29CD1C8C855F00E35CAD /* todd_marlin_bkg.png */; };
		1F4769FB1C83CF9E000B5B33 /* logo_CaptApp_white-02.png in Resources */ = {isa = PBXBuildFile; fileRef = 1F4769FA1C83CF9E000B5B33 /* logo_CaptApp_white-02.png */; };
		1F6380611C2E24D60051F986 /* main.m in Sources */ = {isa = PBXBuildFile; fileRef = 1F6380601C2E24D60051F986 /* main.m */; };
		1F6380641C2E24D60051F986 /* AppDelegate.m in Sources */ = {isa = PBXBuildFile; fileRef = 1F6380631C2E24D60051F986 /* AppDelegate.m */; };
		1F6380671C2E24D60051F986 /* ViewController.m in Sources */ = {isa = PBXBuildFile; fileRef = 1F6380661C2E24D60051F986 /* ViewController.m */; };
		1F63806A1C2E24D60051F986 /* Main.storyboard in Resources */ = {isa = PBXBuildFile; fileRef = 1F6380681C2E24D60051F986 /* Main.storyboard */; };
		1F63806C1C2E24D60051F986 /* Assets.xcassets in Resources */ = {isa = PBXBuildFile; fileRef = 1F63806B1C2E24D60051F986 /* Assets.xcassets */; };
		1F6380771C2E24D60051F986 /* CaptApp_Apple_TVTests.m in Sources */ = {isa = PBXBuildFile; fileRef = 1F6380761C2E24D60051F986 /* CaptApp_Apple_TVTests.m */; };
		1F6380821C2E24D70051F986 /* CaptApp_Apple_TVUITests.m in Sources */ = {isa = PBXBuildFile; fileRef = 1F6380811C2E24D70051F986 /* CaptApp_Apple_TVUITests.m */; };
		1F6380901C2E26020051F986 /* logo.png in Resources */ = {isa = PBXBuildFile; fileRef = 1F63808F1C2E26020051F986 /* logo.png */; };
		1F6380921C2E275C0051F986 /* captapp_tv_logo-03.png in Resources */ = {isa = PBXBuildFile; fileRef = 1F6380911C2E275C0051F986 /* captapp_tv_logo-03.png */; };
		1F64C4CA1C7D6B4600712829 /* leader-01.png in Resources */ = {isa = PBXBuildFile; fileRef = 1F64C4C91C7D6B4600712829 /* leader-01.png */; };
		1F64C4D11C7D790F00712829 /* TVServices.framework in Frameworks */ = {isa = PBXBuildFile; fileRef = 1F64C4D01C7D790F00712829 /* TVServices.framework */; };
		1F64C4D51C7D790F00712829 /* ServiceProvider.m in Sources */ = {isa = PBXBuildFile; fileRef = 1F64C4D41C7D790F00712829 /* ServiceProvider.m */; };
		1F64C4D91C7D790F00712829 /* captAppTopShelf.appex in Embed App Extensions */ = {isa = PBXBuildFile; fileRef = 1F64C4CF1C7D790F00712829 /* captAppTopShelf.appex */; settings = {ATTRIBUTES = (RemoveHeadersOnCopy, ); }; };
		1F64C4E01C7F59CB00712829 /* LeaderBoardViewController.m in Sources */ = {isa = PBXBuildFile; fileRef = 1F64C4DF1C7F59CB00712829 /* LeaderBoardViewController.m */; };
		1F65E56C1C75C50500878BDA /* captapp_aptv_logo_fin3.png in Resources */ = {isa = PBXBuildFile; fileRef = 1F65E56B1C75C50500878BDA /* captapp_aptv_logo_fin3.png */; };
		1F65E56E1C75C51500878BDA /* captapp_aptv_logo_fin2.png in Resources */ = {isa = PBXBuildFile; fileRef = 1F65E56D1C75C51500878BDA /* captapp_aptv_logo_fin2.png */; };
		1F65E5701C75C53000878BDA /* captapp_aptv_logo_fin1.png in Resources */ = {isa = PBXBuildFile; fileRef = 1F65E56F1C75C53000878BDA /* captapp_aptv_logo_fin1.png */; };
		1FA5B0721C90AA7B00F38F51 /* MobileCoreServices.framework in Frameworks */ = {isa = PBXBuildFile; fileRef = 1FA5B0711C90AA7B00F38F51 /* MobileCoreServices.framework */; };
		1FA5B0741C90AA8D00F38F51 /* MediaPlayer.framework in Frameworks */ = {isa = PBXBuildFile; fileRef = 1FA5B0731C90AA8D00F38F51 /* MediaPlayer.framework */; };
		1FA5B0761C90AAC000F38F51 /* Foundation.framework in Frameworks */ = {isa = PBXBuildFile; fileRef = 1FA5B0751C90AAC000F38F51 /* Foundation.framework */; };
		1FEBE0041CAB0FC300E3F7C1 /* ReportsCollectionViewCell.m in Sources */ = {isa = PBXBuildFile; fileRef = 1FEBE0031CAB0FC300E3F7C1 /* ReportsCollectionViewCell.m */; };
		3F6DD95D1CF114CE0030749E /* AVCommand.m in Sources */ = {isa = PBXBuildFile; fileRef = 3F6DD95C1CF114CE0030749E /* AVCommand.m */; };
		3F6DD9601CF116750030749E /* AVExportCommand.m in Sources */ = {isa = PBXBuildFile; fileRef = 3F6DD95F1CF116750030749E /* AVExportCommand.m */; };
		3FF94A631D051A5500D4426C /* MBProgressHUD.m in Sources */ = {isa = PBXBuildFile; fileRef = 3FF94A621D051A5500D4426C /* MBProgressHUD.m */; };
		3FFBAC181CD19AD600504C75 /* NSMutableArray+QueueAdditions.m in Sources */ = {isa = PBXBuildFile; fileRef = 3FFBAC171CD19AD600504C75 /* NSMutableArray+QueueAdditions.m */; };
		6CAD1DCC069DF3C8A90219D1 /* libPods-CaptApp Apple TV.a in Frameworks */ = {isa = PBXBuildFile; fileRef = EFC835156F9DBA21502C0150 /* libPods-CaptApp Apple TV.a */; };
/* End PBXBuildFile section */

/* Begin PBXContainerItemProxy section */
		1F6380731C2E24D60051F986 /* PBXContainerItemProxy */ = {
			isa = PBXContainerItemProxy;
			containerPortal = 1F6380541C2E24D60051F986 /* Project object */;
			proxyType = 1;
			remoteGlobalIDString = 1F63805B1C2E24D60051F986;
			remoteInfo = "CaptApp Apple TV";
		};
		1F63807E1C2E24D60051F986 /* PBXContainerItemProxy */ = {
			isa = PBXContainerItemProxy;
			containerPortal = 1F6380541C2E24D60051F986 /* Project object */;
			proxyType = 1;
			remoteGlobalIDString = 1F63805B1C2E24D60051F986;
			remoteInfo = "CaptApp Apple TV";
		};
		1F64C4D71C7D790F00712829 /* PBXContainerItemProxy */ = {
			isa = PBXContainerItemProxy;
			containerPortal = 1F6380541C2E24D60051F986 /* Project object */;
			proxyType = 1;
			remoteGlobalIDString = 1F64C4CE1C7D790F00712829;
			remoteInfo = captAppTopShelf;
		};
/* End PBXContainerItemProxy section */

/* Begin PBXCopyFilesBuildPhase section */
		1F64C4DD1C7D790F00712829 /* Embed App Extensions */ = {
			isa = PBXCopyFilesBuildPhase;
			buildActionMask = 2147483647;
			dstPath = "";
			dstSubfolderSpec = 13;
			files = (
				1F64C4D91C7D790F00712829 /* captAppTopShelf.appex in Embed App Extensions */,
			);
			name = "Embed App Extensions";
			runOnlyForDeploymentPostprocessing = 0;
		};
/* End PBXCopyFilesBuildPhase section */

/* Begin PBXFileReference section */
		1F0829981C76D22B00A30621 /* ALAd.h */ = {isa = PBXFileReference; fileEncoding = 4; lastKnownFileType = sourcecode.c.h; path = ALAd.h; sourceTree = "<group>"; };
		1F0829991C76D22B00A30621 /* ALAdDisplayDelegate.h */ = {isa = PBXFileReference; fileEncoding = 4; lastKnownFileType = sourcecode.c.h; path = ALAdDisplayDelegate.h; sourceTree = "<group>"; };
		1F08299A1C76D22B00A30621 /* ALAdLoadDelegate.h */ = {isa = PBXFileReference; fileEncoding = 4; lastKnownFileType = sourcecode.c.h; path = ALAdLoadDelegate.h; sourceTree = "<group>"; };
		1F08299B1C76D22B00A30621 /* ALAdRewardDelegate.h */ = {isa = PBXFileReference; fileEncoding = 4; lastKnownFileType = sourcecode.c.h; path = ALAdRewardDelegate.h; sourceTree = "<group>"; };
		1F08299C1C76D22B00A30621 /* ALAdService.h */ = {isa = PBXFileReference; fileEncoding = 4; lastKnownFileType = sourcecode.c.h; path = ALAdService.h; sourceTree = "<group>"; };
		1F08299D1C76D22B00A30621 /* ALAdSize.h */ = {isa = PBXFileReference; fileEncoding = 4; lastKnownFileType = sourcecode.c.h; path = ALAdSize.h; sourceTree = "<group>"; };
		1F08299E1C76D22B00A30621 /* ALAdType.h */ = {isa = PBXFileReference; fileEncoding = 4; lastKnownFileType = sourcecode.c.h; path = ALAdType.h; sourceTree = "<group>"; };
		1F08299F1C76D22B00A30621 /* ALAdUpdateDelegate.h */ = {isa = PBXFileReference; fileEncoding = 4; lastKnownFileType = sourcecode.c.h; path = ALAdUpdateDelegate.h; sourceTree = "<group>"; };
		1F0829A01C76D22B00A30621 /* ALAdVideoPlaybackDelegate.h */ = {isa = PBXFileReference; fileEncoding = 4; lastKnownFileType = sourcecode.c.h; path = ALAdVideoPlaybackDelegate.h; sourceTree = "<group>"; };
		1F0829A11C76D22B00A30621 /* ALAdView.h */ = {isa = PBXFileReference; fileEncoding = 4; lastKnownFileType = sourcecode.c.h; path = ALAdView.h; sourceTree = "<group>"; };
		1F0829A21C76D22B00A30621 /* ALAnnotations.h */ = {isa = PBXFileReference; fileEncoding = 4; lastKnownFileType = sourcecode.c.h; path = ALAnnotations.h; sourceTree = "<group>"; };
		1F0829A31C76D22B00A30621 /* ALErrorCodes.h */ = {isa = PBXFileReference; fileEncoding = 4; lastKnownFileType = sourcecode.c.h; path = ALErrorCodes.h; sourceTree = "<group>"; };
		1F0829A41C76D22B00A30621 /* ALEventService.h */ = {isa = PBXFileReference; fileEncoding = 4; lastKnownFileType = sourcecode.c.h; path = ALEventService.h; sourceTree = "<group>"; };
		1F0829A51C76D22B00A30621 /* ALEventTypes.h */ = {isa = PBXFileReference; fileEncoding = 4; lastKnownFileType = sourcecode.c.h; path = ALEventTypes.h; sourceTree = "<group>"; };
		1F0829A61C76D22B00A30621 /* ALIncentivizedInterstitialAd.h */ = {isa = PBXFileReference; fileEncoding = 4; lastKnownFileType = sourcecode.c.h; path = ALIncentivizedInterstitialAd.h; sourceTree = "<group>"; };
		1F0829A71C76D22B00A30621 /* ALInterstitialAd.h */ = {isa = PBXFileReference; fileEncoding = 4; lastKnownFileType = sourcecode.c.h; path = ALInterstitialAd.h; sourceTree = "<group>"; };
		1F0829A81C76D22B00A30621 /* ALNativeAd.h */ = {isa = PBXFileReference; fileEncoding = 4; lastKnownFileType = sourcecode.c.h; path = ALNativeAd.h; sourceTree = "<group>"; };
		1F0829A91C76D22B00A30621 /* ALNativeAdLoadDelegate.h */ = {isa = PBXFileReference; fileEncoding = 4; lastKnownFileType = sourcecode.c.h; path = ALNativeAdLoadDelegate.h; sourceTree = "<group>"; };
		1F0829AA1C76D22B00A30621 /* ALNativeAdPrecacheDelegate.h */ = {isa = PBXFileReference; fileEncoding = 4; lastKnownFileType = sourcecode.c.h; path = ALNativeAdPrecacheDelegate.h; sourceTree = "<group>"; };
		1F0829AB1C76D22B00A30621 /* ALNativeAdService.h */ = {isa = PBXFileReference; fileEncoding = 4; lastKnownFileType = sourcecode.c.h; path = ALNativeAdService.h; sourceTree = "<group>"; };
		1F0829AC1C76D22B00A30621 /* ALPostbackDelegate.h */ = {isa = PBXFileReference; fileEncoding = 4; lastKnownFileType = sourcecode.c.h; path = ALPostbackDelegate.h; sourceTree = "<group>"; };
		1F0829AD1C76D22B00A30621 /* ALPostbackService.h */ = {isa = PBXFileReference; fileEncoding = 4; lastKnownFileType = sourcecode.c.h; path = ALPostbackService.h; sourceTree = "<group>"; };
		1F0829AE1C76D22B00A30621 /* ALSdk.h */ = {isa = PBXFileReference; fileEncoding = 4; lastKnownFileType = sourcecode.c.h; path = ALSdk.h; sourceTree = "<group>"; };
		1F0829AF1C76D22B00A30621 /* ALSdkSettings.h */ = {isa = PBXFileReference; fileEncoding = 4; lastKnownFileType = sourcecode.c.h; path = ALSdkSettings.h; sourceTree = "<group>"; };
		1F0829B01C76D22B00A30621 /* ALSwiftHeaders.h */ = {isa = PBXFileReference; fileEncoding = 4; lastKnownFileType = sourcecode.c.h; path = ALSwiftHeaders.h; sourceTree = "<group>"; };
		1F0829B11C76D22B00A30621 /* ALTargetingData.h */ = {isa = PBXFileReference; fileEncoding = 4; lastKnownFileType = sourcecode.c.h; path = ALTargetingData.h; sourceTree = "<group>"; };
		1F0829B21C76D22B00A30621 /* libAppLovinTVOS.a */ = {isa = PBXFileReference; lastKnownFileType = archive.ar; name = libAppLovinTVOS.a; path = AFNetworking/libAppLovinTVOS.a; sourceTree = "<group>"; };
		1F0829B41C76D27F00A30621 /* AdSupport.framework */ = {isa = PBXFileReference; lastKnownFileType = wrapper.framework; name = AdSupport.framework; path = System/Library/Frameworks/AdSupport.framework; sourceTree = SDKROOT; };
		1F0829B61C76D29300A30621 /* CoreGraphics.framework */ = {isa = PBXFileReference; lastKnownFileType = wrapper.framework; name = CoreGraphics.framework; path = System/Library/Frameworks/CoreGraphics.framework; sourceTree = SDKROOT; };
		1F0829B81C76D2A900A30621 /* CoreMedia.framework */ = {isa = PBXFileReference; lastKnownFileType = wrapper.framework; name = CoreMedia.framework; path = System/Library/Frameworks/CoreMedia.framework; sourceTree = SDKROOT; };
		1F0829BA1C76D2BF00A30621 /* StoreKit.framework */ = {isa = PBXFileReference; lastKnownFileType = wrapper.framework; name = StoreKit.framework; path = System/Library/Frameworks/StoreKit.framework; sourceTree = SDKROOT; };
		1F0829BC1C76D2D200A30621 /* SystemConfiguration.framework */ = {isa = PBXFileReference; lastKnownFileType = wrapper.framework; name = SystemConfiguration.framework; path = System/Library/Frameworks/SystemConfiguration.framework; sourceTree = SDKROOT; };
		1F0829BE1C76D2E300A30621 /* UIKit.framework */ = {isa = PBXFileReference; lastKnownFileType = wrapper.framework; name = UIKit.framework; path = System/Library/Frameworks/UIKit.framework; sourceTree = SDKROOT; };
		1F0EA6331C3705A50069BFE0 /* AVKit.framework */ = {isa = PBXFileReference; lastKnownFileType = wrapper.framework; name = AVKit.framework; path = System/Library/Frameworks/AVKit.framework; sourceTree = SDKROOT; };
		1F0EA6351C3705AC0069BFE0 /* AVFoundation.framework */ = {isa = PBXFileReference; lastKnownFileType = wrapper.framework; name = AVFoundation.framework; path = System/Library/Frameworks/AVFoundation.framework; sourceTree = SDKROOT; };
		1F0EA6371C3811AB0069BFE0 /* todd_marlin.jpg */ = {isa = PBXFileReference; lastKnownFileType = image.jpeg; path = todd_marlin.jpg; sourceTree = "<group>"; };
		1F3D29CD1C8C855F00E35CAD /* todd_marlin_bkg.png */ = {isa = PBXFileReference; lastKnownFileType = image.png; path = todd_marlin_bkg.png; sourceTree = "<group>"; };
		1F4769FA1C83CF9E000B5B33 /* logo_CaptApp_white-02.png */ = {isa = PBXFileReference; lastKnownFileType = image.png; path = "logo_CaptApp_white-02.png"; sourceTree = "<group>"; };
		1F63805C1C2E24D60051F986 /* CaptApp Apple TV.app */ = {isa = PBXFileReference; explicitFileType = wrapper.application; includeInIndex = 0; path = "CaptApp Apple TV.app"; sourceTree = BUILT_PRODUCTS_DIR; };
		1F6380601C2E24D60051F986 /* main.m */ = {isa = PBXFileReference; lastKnownFileType = sourcecode.c.objc; path = main.m; sourceTree = "<group>"; };
		1F6380621C2E24D60051F986 /* AppDelegate.h */ = {isa = PBXFileReference; lastKnownFileType = sourcecode.c.h; path = AppDelegate.h; sourceTree = "<group>"; };
		1F6380631C2E24D60051F986 /* AppDelegate.m */ = {isa = PBXFileReference; lastKnownFileType = sourcecode.c.objc; path = AppDelegate.m; sourceTree = "<group>"; };
		1F6380651C2E24D60051F986 /* ViewController.h */ = {isa = PBXFileReference; lastKnownFileType = sourcecode.c.h; path = ViewController.h; sourceTree = "<group>"; };
		1F6380661C2E24D60051F986 /* ViewController.m */ = {isa = PBXFileReference; lastKnownFileType = sourcecode.c.objc; path = ViewController.m; sourceTree = "<group>"; };
		1F6380691C2E24D60051F986 /* Base */ = {isa = PBXFileReference; lastKnownFileType = file.storyboard; name = Base; path = Base.lproj/Main.storyboard; sourceTree = "<group>"; };
		1F63806B1C2E24D60051F986 /* Assets.xcassets */ = {isa = PBXFileReference; lastKnownFileType = folder.assetcatalog; path = Assets.xcassets; sourceTree = "<group>"; };
		1F63806D1C2E24D60051F986 /* Info.plist */ = {isa = PBXFileReference; lastKnownFileType = text.plist.xml; path = Info.plist; sourceTree = "<group>"; };
		1F6380721C2E24D60051F986 /* CaptApp Apple TVTests.xctest */ = {isa = PBXFileReference; explicitFileType = wrapper.cfbundle; includeInIndex = 0; path = "CaptApp Apple TVTests.xctest"; sourceTree = BUILT_PRODUCTS_DIR; };
		1F6380761C2E24D60051F986 /* CaptApp_Apple_TVTests.m */ = {isa = PBXFileReference; lastKnownFileType = sourcecode.c.objc; path = CaptApp_Apple_TVTests.m; sourceTree = "<group>"; };
		1F6380781C2E24D60051F986 /* Info.plist */ = {isa = PBXFileReference; lastKnownFileType = text.plist.xml; path = Info.plist; sourceTree = "<group>"; };
		1F63807D1C2E24D60051F986 /* CaptApp Apple TVUITests.xctest */ = {isa = PBXFileReference; explicitFileType = wrapper.cfbundle; includeInIndex = 0; path = "CaptApp Apple TVUITests.xctest"; sourceTree = BUILT_PRODUCTS_DIR; };
		1F6380811C2E24D70051F986 /* CaptApp_Apple_TVUITests.m */ = {isa = PBXFileReference; lastKnownFileType = sourcecode.c.objc; path = CaptApp_Apple_TVUITests.m; sourceTree = "<group>"; };
		1F6380831C2E24D70051F986 /* Info.plist */ = {isa = PBXFileReference; lastKnownFileType = text.plist.xml; path = Info.plist; sourceTree = "<group>"; };
		1F63808F1C2E26020051F986 /* logo.png */ = {isa = PBXFileReference; lastKnownFileType = image.png; path = logo.png; sourceTree = "<group>"; };
		1F6380911C2E275C0051F986 /* captapp_tv_logo-03.png */ = {isa = PBXFileReference; lastKnownFileType = image.png; path = "captapp_tv_logo-03.png"; sourceTree = "<group>"; };
		1F64C4C91C7D6B4600712829 /* leader-01.png */ = {isa = PBXFileReference; lastKnownFileType = image.png; path = "leader-01.png"; sourceTree = "<group>"; };
		1F64C4CF1C7D790F00712829 /* captAppTopShelf.appex */ = {isa = PBXFileReference; explicitFileType = "wrapper.app-extension"; includeInIndex = 0; path = captAppTopShelf.appex; sourceTree = BUILT_PRODUCTS_DIR; };
		1F64C4D01C7D790F00712829 /* TVServices.framework */ = {isa = PBXFileReference; lastKnownFileType = wrapper.framework; name = TVServices.framework; path = System/Library/Frameworks/TVServices.framework; sourceTree = SDKROOT; };
		1F64C4D31C7D790F00712829 /* ServiceProvider.h */ = {isa = PBXFileReference; lastKnownFileType = sourcecode.c.h; path = ServiceProvider.h; sourceTree = "<group>"; };
		1F64C4D41C7D790F00712829 /* ServiceProvider.m */ = {isa = PBXFileReference; lastKnownFileType = sourcecode.c.objc; path = ServiceProvider.m; sourceTree = "<group>"; };
		1F64C4D61C7D790F00712829 /* Info.plist */ = {isa = PBXFileReference; lastKnownFileType = text.plist.xml; path = Info.plist; sourceTree = "<group>"; };
		1F64C4DE1C7F59CB00712829 /* LeaderBoardViewController.h */ = {isa = PBXFileReference; fileEncoding = 4; lastKnownFileType = sourcecode.c.h; path = LeaderBoardViewController.h; sourceTree = "<group>"; };
		1F64C4DF1C7F59CB00712829 /* LeaderBoardViewController.m */ = {isa = PBXFileReference; fileEncoding = 4; lastKnownFileType = sourcecode.c.objc; path = LeaderBoardViewController.m; sourceTree = "<group>"; };
		1F65E56B1C75C50500878BDA /* captapp_aptv_logo_fin3.png */ = {isa = PBXFileReference; lastKnownFileType = image.png; path = captapp_aptv_logo_fin3.png; sourceTree = "<group>"; };
		1F65E56D1C75C51500878BDA /* captapp_aptv_logo_fin2.png */ = {isa = PBXFileReference; lastKnownFileType = image.png; path = captapp_aptv_logo_fin2.png; sourceTree = "<group>"; };
		1F65E56F1C75C53000878BDA /* captapp_aptv_logo_fin1.png */ = {isa = PBXFileReference; lastKnownFileType = image.png; path = captapp_aptv_logo_fin1.png; sourceTree = "<group>"; };
		1FA5B0711C90AA7B00F38F51 /* MobileCoreServices.framework */ = {isa = PBXFileReference; lastKnownFileType = wrapper.framework; name = MobileCoreServices.framework; path = System/Library/Frameworks/MobileCoreServices.framework; sourceTree = SDKROOT; };
		1FA5B0731C90AA8D00F38F51 /* MediaPlayer.framework */ = {isa = PBXFileReference; lastKnownFileType = wrapper.framework; name = MediaPlayer.framework; path = System/Library/Frameworks/MediaPlayer.framework; sourceTree = SDKROOT; };
		1FA5B0751C90AAC000F38F51 /* Foundation.framework */ = {isa = PBXFileReference; lastKnownFileType = wrapper.framework; name = Foundation.framework; path = System/Library/Frameworks/Foundation.framework; sourceTree = SDKROOT; };
		1FEBE0021CAB0FC300E3F7C1 /* ReportsCollectionViewCell.h */ = {isa = PBXFileReference; fileEncoding = 4; lastKnownFileType = sourcecode.c.h; path = ReportsCollectionViewCell.h; sourceTree = "<group>"; };
		1FEBE0031CAB0FC300E3F7C1 /* ReportsCollectionViewCell.m */ = {isa = PBXFileReference; fileEncoding = 4; lastKnownFileType = sourcecode.c.objc; path = ReportsCollectionViewCell.m; sourceTree = "<group>"; };
		3F6DD95B1CF114CE0030749E /* AVCommand.h */ = {isa = PBXFileReference; fileEncoding = 4; lastKnownFileType = sourcecode.c.h; path = AVCommand.h; sourceTree = "<group>"; };
		3F6DD95C1CF114CE0030749E /* AVCommand.m */ = {isa = PBXFileReference; fileEncoding = 4; lastKnownFileType = sourcecode.c.objc; path = AVCommand.m; sourceTree = "<group>"; };
		3F6DD95E1CF116750030749E /* AVExportCommand.h */ = {isa = PBXFileReference; fileEncoding = 4; lastKnownFileType = sourcecode.c.h; path = AVExportCommand.h; sourceTree = "<group>"; };
		3F6DD95F1CF116750030749E /* AVExportCommand.m */ = {isa = PBXFileReference; fileEncoding = 4; lastKnownFileType = sourcecode.c.objc; path = AVExportCommand.m; sourceTree = "<group>"; };
		3FF94A601D051A5500D4426C /* MBProgressHUD-Prefix.pch */ = {isa = PBXFileReference; fileEncoding = 4; lastKnownFileType = sourcecode.c.h; path = "MBProgressHUD-Prefix.pch"; sourceTree = "<group>"; };
		3FF94A611D051A5500D4426C /* MBProgressHUD.h */ = {isa = PBXFileReference; fileEncoding = 4; lastKnownFileType = sourcecode.c.h; path = MBProgressHUD.h; sourceTree = "<group>"; };
		3FF94A621D051A5500D4426C /* MBProgressHUD.m */ = {isa = PBXFileReference; fileEncoding = 4; lastKnownFileType = sourcecode.c.objc; path = MBProgressHUD.m; sourceTree = "<group>"; };
		3FFBAC161CD19AD600504C75 /* NSMutableArray+QueueAdditions.h */ = {isa = PBXFileReference; fileEncoding = 4; lastKnownFileType = sourcecode.c.h; path = "NSMutableArray+QueueAdditions.h"; sourceTree = "<group>"; };
		3FFBAC171CD19AD600504C75 /* NSMutableArray+QueueAdditions.m */ = {isa = PBXFileReference; fileEncoding = 4; lastKnownFileType = sourcecode.c.objc; path = "NSMutableArray+QueueAdditions.m"; sourceTree = "<group>"; };
		417EB96A11B5203FF5F09FEF /* Pods-CaptApp Apple TV.release.xcconfig */ = {isa = PBXFileReference; includeInIndex = 1; lastKnownFileType = text.xcconfig; name = "Pods-CaptApp Apple TV.release.xcconfig"; path = "Pods/Target Support Files/Pods-CaptApp Apple TV/Pods-CaptApp Apple TV.release.xcconfig"; sourceTree = "<group>"; };
		73218D3516B947D4E367C246 /* Pods-CaptApp Apple TV.debug.xcconfig */ = {isa = PBXFileReference; includeInIndex = 1; lastKnownFileType = text.xcconfig; name = "Pods-CaptApp Apple TV.debug.xcconfig"; path = "Pods/Target Support Files/Pods-CaptApp Apple TV/Pods-CaptApp Apple TV.debug.xcconfig"; sourceTree = "<group>"; };
		EFC835156F9DBA21502C0150 /* libPods-CaptApp Apple TV.a */ = {isa = PBXFileReference; explicitFileType = archive.ar; includeInIndex = 0; path = "libPods-CaptApp Apple TV.a"; sourceTree = BUILT_PRODUCTS_DIR; };
/* End PBXFileReference section */

/* Begin PBXFrameworksBuildPhase section */
		1F6380591C2E24D60051F986 /* Frameworks */ = {
			isa = PBXFrameworksBuildPhase;
			buildActionMask = 2147483647;
			files = (
				1FA5B0761C90AAC000F38F51 /* Foundation.framework in Frameworks */,
				1F0829B91C76D2A900A30621 /* CoreMedia.framework in Frameworks */,
				1FA5B0741C90AA8D00F38F51 /* MediaPlayer.framework in Frameworks */,
				1FA5B0721C90AA7B00F38F51 /* MobileCoreServices.framework in Frameworks */,
				1F0829BF1C76D2E300A30621 /* UIKit.framework in Frameworks */,
				1F0829BD1C76D2D200A30621 /* SystemConfiguration.framework in Frameworks */,
				1F0829BB1C76D2BF00A30621 /* StoreKit.framework in Frameworks */,
				1F0829B71C76D29300A30621 /* CoreGraphics.framework in Frameworks */,
				1F0829B51C76D27F00A30621 /* AdSupport.framework in Frameworks */,
				1F0EA6361C3705AC0069BFE0 /* AVFoundation.framework in Frameworks */,
				1F0829B31C76D22B00A30621 /* libAppLovinTVOS.a in Frameworks */,
				1F0EA6341C3705A50069BFE0 /* AVKit.framework in Frameworks */,
				6CAD1DCC069DF3C8A90219D1 /* libPods-CaptApp Apple TV.a in Frameworks */,
			);
			runOnlyForDeploymentPostprocessing = 0;
		};
		1F63806F1C2E24D60051F986 /* Frameworks */ = {
			isa = PBXFrameworksBuildPhase;
			buildActionMask = 2147483647;
			files = (
			);
			runOnlyForDeploymentPostprocessing = 0;
		};
		1F63807A1C2E24D60051F986 /* Frameworks */ = {
			isa = PBXFrameworksBuildPhase;
			buildActionMask = 2147483647;
			files = (
			);
			runOnlyForDeploymentPostprocessing = 0;
		};
		1F64C4CC1C7D790F00712829 /* Frameworks */ = {
			isa = PBXFrameworksBuildPhase;
			buildActionMask = 2147483647;
			files = (
				1F64C4D11C7D790F00712829 /* TVServices.framework in Frameworks */,
			);
			runOnlyForDeploymentPostprocessing = 0;
		};
/* End PBXFrameworksBuildPhase section */

/* Begin PBXGroup section */
		1F0829971C76D22B00A30621 /* headers */ = {
			isa = PBXGroup;
			children = (
				1F0829981C76D22B00A30621 /* ALAd.h */,
				1F0829991C76D22B00A30621 /* ALAdDisplayDelegate.h */,
				1F08299A1C76D22B00A30621 /* ALAdLoadDelegate.h */,
				1F08299B1C76D22B00A30621 /* ALAdRewardDelegate.h */,
				1F08299C1C76D22B00A30621 /* ALAdService.h */,
				1F08299D1C76D22B00A30621 /* ALAdSize.h */,
				1F08299E1C76D22B00A30621 /* ALAdType.h */,
				1F08299F1C76D22B00A30621 /* ALAdUpdateDelegate.h */,
				1F0829A01C76D22B00A30621 /* ALAdVideoPlaybackDelegate.h */,
				1F0829A11C76D22B00A30621 /* ALAdView.h */,
				1F0829A21C76D22B00A30621 /* ALAnnotations.h */,
				1F0829A31C76D22B00A30621 /* ALErrorCodes.h */,
				1F0829A41C76D22B00A30621 /* ALEventService.h */,
				1F0829A51C76D22B00A30621 /* ALEventTypes.h */,
				1F0829A61C76D22B00A30621 /* ALIncentivizedInterstitialAd.h */,
				1F0829A71C76D22B00A30621 /* ALInterstitialAd.h */,
				1F0829A81C76D22B00A30621 /* ALNativeAd.h */,
				1F0829A91C76D22B00A30621 /* ALNativeAdLoadDelegate.h */,
				1F0829AA1C76D22B00A30621 /* ALNativeAdPrecacheDelegate.h */,
				1F0829AB1C76D22B00A30621 /* ALNativeAdService.h */,
				1F0829AC1C76D22B00A30621 /* ALPostbackDelegate.h */,
				1F0829AD1C76D22B00A30621 /* ALPostbackService.h */,
				1F0829AE1C76D22B00A30621 /* ALSdk.h */,
				1F0829AF1C76D22B00A30621 /* ALSdkSettings.h */,
				1F0829B01C76D22B00A30621 /* ALSwiftHeaders.h */,
				1F0829B11C76D22B00A30621 /* ALTargetingData.h */,
			);
			name = headers;
			path = AFNetworking/headers;
			sourceTree = "<group>";
		};
		1F6380531C2E24D60051F986 = {
			isa = PBXGroup;
			children = (
				1F0829971C76D22B00A30621 /* headers */,
				1F0829B21C76D22B00A30621 /* libAppLovinTVOS.a */,
				1F63805E1C2E24D60051F986 /* CaptApp Apple TV */,
				1F6380751C2E24D60051F986 /* CaptApp Apple TVTests */,
				1F6380801C2E24D70051F986 /* CaptApp Apple TVUITests */,
				1F64C4D21C7D790F00712829 /* captAppTopShelf */,
				1F63805D1C2E24D60051F986 /* Products */,
				717B959C810E72E1D48F744E /* Frameworks */,
				DA21E11E4AD1B5DFA371266F /* Pods */,
			);
			sourceTree = "<group>";
		};
		1F63805D1C2E24D60051F986 /* Products */ = {
			isa = PBXGroup;
			children = (
				1F63805C1C2E24D60051F986 /* CaptApp Apple TV.app */,
				1F6380721C2E24D60051F986 /* CaptApp Apple TVTests.xctest */,
				1F63807D1C2E24D60051F986 /* CaptApp Apple TVUITests.xctest */,
				1F64C4CF1C7D790F00712829 /* captAppTopShelf.appex */,
			);
			name = Products;
			sourceTree = "<group>";
		};
		1F63805E1C2E24D60051F986 /* CaptApp Apple TV */ = {
			isa = PBXGroup;
			children = (
				3F6DD95A1CF113F70030749E /* Utilities */,
				3FFBAC151CD19ABC00504C75 /* Categories */,
				1F6380681C2E24D60051F986 /* Main.storyboard */,
				1F6380621C2E24D60051F986 /* AppDelegate.h */,
				1F6380631C2E24D60051F986 /* AppDelegate.m */,
				1F6380651C2E24D60051F986 /* ViewController.h */,
				1F6380661C2E24D60051F986 /* ViewController.m */,
				1F64C4DE1C7F59CB00712829 /* LeaderBoardViewController.h */,
				1F64C4DF1C7F59CB00712829 /* LeaderBoardViewController.m */,
				1FEBE0021CAB0FC300E3F7C1 /* ReportsCollectionViewCell.h */,
				1FEBE0031CAB0FC300E3F7C1 /* ReportsCollectionViewCell.m */,
				1F63806B1C2E24D60051F986 /* Assets.xcassets */,
				1F63806D1C2E24D60051F986 /* Info.plist */,
				1F63805F1C2E24D60051F986 /* Supporting Files */,
			);
			path = "CaptApp Apple TV";
			sourceTree = "<group>";
		};
		1F63805F1C2E24D60051F986 /* Supporting Files */ = {
			isa = PBXGroup;
			children = (
				1F3D29CD1C8C855F00E35CAD /* todd_marlin_bkg.png */,
				1F4769FA1C83CF9E000B5B33 /* logo_CaptApp_white-02.png */,
				1F64C4C91C7D6B4600712829 /* leader-01.png */,
				1F65E56D1C75C51500878BDA /* captapp_aptv_logo_fin2.png */,
				1F65E56F1C75C53000878BDA /* captapp_aptv_logo_fin1.png */,
				1F65E56B1C75C50500878BDA /* captapp_aptv_logo_fin3.png */,
				1F0EA6371C3811AB0069BFE0 /* todd_marlin.jpg */,
				1F6380911C2E275C0051F986 /* captapp_tv_logo-03.png */,
				1F63808F1C2E26020051F986 /* logo.png */,
				1F6380601C2E24D60051F986 /* main.m */,
			);
			name = "Supporting Files";
			sourceTree = "<group>";
		};
		1F6380751C2E24D60051F986 /* CaptApp Apple TVTests */ = {
			isa = PBXGroup;
			children = (
				1F6380761C2E24D60051F986 /* CaptApp_Apple_TVTests.m */,
				1F6380781C2E24D60051F986 /* Info.plist */,
			);
			path = "CaptApp Apple TVTests";
			sourceTree = "<group>";
		};
		1F6380801C2E24D70051F986 /* CaptApp Apple TVUITests */ = {
			isa = PBXGroup;
			children = (
				1F6380811C2E24D70051F986 /* CaptApp_Apple_TVUITests.m */,
				1F6380831C2E24D70051F986 /* Info.plist */,
			);
			path = "CaptApp Apple TVUITests";
			sourceTree = "<group>";
		};
		1F64C4D21C7D790F00712829 /* captAppTopShelf */ = {
			isa = PBXGroup;
			children = (
				1F64C4D31C7D790F00712829 /* ServiceProvider.h */,
				1F64C4D41C7D790F00712829 /* ServiceProvider.m */,
				1F64C4D61C7D790F00712829 /* Info.plist */,
			);
			path = captAppTopShelf;
			sourceTree = "<group>";
		};
		3F6DD95A1CF113F70030749E /* Utilities */ = {
			isa = PBXGroup;
			children = (
				3FF94A5F1D051A5500D4426C /* MBProgressHUD */,
				3F6DD95B1CF114CE0030749E /* AVCommand.h */,
				3F6DD95C1CF114CE0030749E /* AVCommand.m */,
				3F6DD95E1CF116750030749E /* AVExportCommand.h */,
				3F6DD95F1CF116750030749E /* AVExportCommand.m */,
			);
			name = Utilities;
			sourceTree = "<group>";
		};
		3FF94A5F1D051A5500D4426C /* MBProgressHUD */ = {
			isa = PBXGroup;
			children = (
				3FF94A601D051A5500D4426C /* MBProgressHUD-Prefix.pch */,
				3FF94A611D051A5500D4426C /* MBProgressHUD.h */,
				3FF94A621D051A5500D4426C /* MBProgressHUD.m */,
			);
			name = MBProgressHUD;
			path = Utilities/MBProgressHUD;
			sourceTree = "<group>";
		};
		3FFBAC151CD19ABC00504C75 /* Categories */ = {
			isa = PBXGroup;
			children = (
				3FFBAC161CD19AD600504C75 /* NSMutableArray+QueueAdditions.h */,
				3FFBAC171CD19AD600504C75 /* NSMutableArray+QueueAdditions.m */,
			);
			name = Categories;
			sourceTree = "<group>";
		};
		717B959C810E72E1D48F744E /* Frameworks */ = {
			isa = PBXGroup;
			children = (
				1FA5B0751C90AAC000F38F51 /* Foundation.framework */,
				1FA5B0731C90AA8D00F38F51 /* MediaPlayer.framework */,
				1FA5B0711C90AA7B00F38F51 /* MobileCoreServices.framework */,
				1F0829BE1C76D2E300A30621 /* UIKit.framework */,
				1F0829BC1C76D2D200A30621 /* SystemConfiguration.framework */,
				1F0829BA1C76D2BF00A30621 /* StoreKit.framework */,
				1F0829B81C76D2A900A30621 /* CoreMedia.framework */,
				1F0829B61C76D29300A30621 /* CoreGraphics.framework */,
				1F0829B41C76D27F00A30621 /* AdSupport.framework */,
				1F0EA6351C3705AC0069BFE0 /* AVFoundation.framework */,
				1F0EA6331C3705A50069BFE0 /* AVKit.framework */,
				1F64C4D01C7D790F00712829 /* TVServices.framework */,
				EFC835156F9DBA21502C0150 /* libPods-CaptApp Apple TV.a */,
			);
			name = Frameworks;
			sourceTree = "<group>";
		};
		DA21E11E4AD1B5DFA371266F /* Pods */ = {
			isa = PBXGroup;
			children = (
				73218D3516B947D4E367C246 /* Pods-CaptApp Apple TV.debug.xcconfig */,
				417EB96A11B5203FF5F09FEF /* Pods-CaptApp Apple TV.release.xcconfig */,
			);
			name = Pods;
			sourceTree = "<group>";
		};
/* End PBXGroup section */

/* Begin PBXNativeTarget section */
		1F63805B1C2E24D60051F986 /* CaptApp Apple TV */ = {
			isa = PBXNativeTarget;
			buildConfigurationList = 1F6380861C2E24D70051F986 /* Build configuration list for PBXNativeTarget "CaptApp Apple TV" */;
			buildPhases = (
				8BE2466C37616C355136F013 /* Check Pods Manifest.lock */,
				1F6380581C2E24D60051F986 /* Sources */,
				1F6380591C2E24D60051F986 /* Frameworks */,
				1F63805A1C2E24D60051F986 /* Resources */,
				1F64C4DD1C7D790F00712829 /* Embed App Extensions */,
				42807F57A095C08C575C0169 /* Embed Pods Frameworks */,
				F25C3F1B98D878E6B8BCB8A8 /* Copy Pods Resources */,
			);
			buildRules = (
			);
			dependencies = (
				1F64C4D81C7D790F00712829 /* PBXTargetDependency */,
			);
			name = "CaptApp Apple TV";
			productName = "CaptApp Apple TV";
			productReference = 1F63805C1C2E24D60051F986 /* CaptApp Apple TV.app */;
			productType = "com.apple.product-type.application";
		};
		1F6380711C2E24D60051F986 /* CaptApp Apple TVTests */ = {
			isa = PBXNativeTarget;
			buildConfigurationList = 1F6380891C2E24D70051F986 /* Build configuration list for PBXNativeTarget "CaptApp Apple TVTests" */;
			buildPhases = (
				1F63806E1C2E24D60051F986 /* Sources */,
				1F63806F1C2E24D60051F986 /* Frameworks */,
				1F6380701C2E24D60051F986 /* Resources */,
			);
			buildRules = (
			);
			dependencies = (
				1F6380741C2E24D60051F986 /* PBXTargetDependency */,
			);
			name = "CaptApp Apple TVTests";
			productName = "CaptApp Apple TVTests";
			productReference = 1F6380721C2E24D60051F986 /* CaptApp Apple TVTests.xctest */;
			productType = "com.apple.product-type.bundle.unit-test";
		};
		1F63807C1C2E24D60051F986 /* CaptApp Apple TVUITests */ = {
			isa = PBXNativeTarget;
			buildConfigurationList = 1F63808C1C2E24D70051F986 /* Build configuration list for PBXNativeTarget "CaptApp Apple TVUITests" */;
			buildPhases = (
				1F6380791C2E24D60051F986 /* Sources */,
				1F63807A1C2E24D60051F986 /* Frameworks */,
				1F63807B1C2E24D60051F986 /* Resources */,
			);
			buildRules = (
			);
			dependencies = (
				1F63807F1C2E24D60051F986 /* PBXTargetDependency */,
			);
			name = "CaptApp Apple TVUITests";
			productName = "CaptApp Apple TVUITests";
			productReference = 1F63807D1C2E24D60051F986 /* CaptApp Apple TVUITests.xctest */;
			productType = "com.apple.product-type.bundle.ui-testing";
		};
		1F64C4CE1C7D790F00712829 /* captAppTopShelf */ = {
			isa = PBXNativeTarget;
			buildConfigurationList = 1F64C4DA1C7D790F00712829 /* Build configuration list for PBXNativeTarget "captAppTopShelf" */;
			buildPhases = (
				1F64C4CB1C7D790F00712829 /* Sources */,
				1F64C4CC1C7D790F00712829 /* Frameworks */,
				1F64C4CD1C7D790F00712829 /* Resources */,
			);
			buildRules = (
			);
			dependencies = (
			);
			name = captAppTopShelf;
			productName = captAppTopShelf;
			productReference = 1F64C4CF1C7D790F00712829 /* captAppTopShelf.appex */;
			productType = "com.apple.product-type.tv-app-extension";
		};
/* End PBXNativeTarget section */

/* Begin PBXProject section */
		1F6380541C2E24D60051F986 /* Project object */ = {
			isa = PBXProject;
			attributes = {
				LastUpgradeCheck = 0720;
				ORGANIZATIONNAME = "CaptApp TV Network";
				TargetAttributes = {
					1F63805B1C2E24D60051F986 = {
						CreatedOnToolsVersion = 7.2;
						DevelopmentTeam = QL98ADT7RN;
					};
					1F6380711C2E24D60051F986 = {
						CreatedOnToolsVersion = 7.2;
						TestTargetID = 1F63805B1C2E24D60051F986;
					};
					1F63807C1C2E24D60051F986 = {
						CreatedOnToolsVersion = 7.2;
						TestTargetID = 1F63805B1C2E24D60051F986;
					};
					1F64C4CE1C7D790F00712829 = {
						CreatedOnToolsVersion = 7.2;
						DevelopmentTeam = QL98ADT7RN;
					};
				};
			};
			buildConfigurationList = 1F6380571C2E24D60051F986 /* Build configuration list for PBXProject "CaptApp Apple TV" */;
			compatibilityVersion = "Xcode 3.2";
			developmentRegion = English;
			hasScannedForEncodings = 0;
			knownRegions = (
				en,
				Base,
			);
			mainGroup = 1F6380531C2E24D60051F986;
			productRefGroup = 1F63805D1C2E24D60051F986 /* Products */;
			projectDirPath = "";
			projectRoot = "";
			targets = (
				1F63805B1C2E24D60051F986 /* CaptApp Apple TV */,
				1F6380711C2E24D60051F986 /* CaptApp Apple TVTests */,
				1F63807C1C2E24D60051F986 /* CaptApp Apple TVUITests */,
				1F64C4CE1C7D790F00712829 /* captAppTopShelf */,
			);
		};
/* End PBXProject section */

/* Begin PBXResourcesBuildPhase section */
		1F63805A1C2E24D60051F986 /* Resources */ = {
			isa = PBXResourcesBuildPhase;
			buildActionMask = 2147483647;
			files = (
				1F4769FB1C83CF9E000B5B33 /* logo_CaptApp_white-02.png in Resources */,
				1F3D29CE1C8C855F00E35CAD /* todd_marlin_bkg.png in Resources */,
				1F63806C1C2E24D60051F986 /* Assets.xcassets in Resources */,
				1F65E56E1C75C51500878BDA /* captapp_aptv_logo_fin2.png in Resources */,
				1F65E56C1C75C50500878BDA /* captapp_aptv_logo_fin3.png in Resources */,
				1F64C4CA1C7D6B4600712829 /* leader-01.png in Resources */,
				1F63806A1C2E24D60051F986 /* Main.storyboard in Resources */,
				1F0EA6381C3811AB0069BFE0 /* todd_marlin.jpg in Resources */,
				1F65E5701C75C53000878BDA /* captapp_aptv_logo_fin1.png in Resources */,
				1F6380901C2E26020051F986 /* logo.png in Resources */,
				1F6380921C2E275C0051F986 /* captapp_tv_logo-03.png in Resources */,
			);
			runOnlyForDeploymentPostprocessing = 0;
		};
		1F6380701C2E24D60051F986 /* Resources */ = {
			isa = PBXResourcesBuildPhase;
			buildActionMask = 2147483647;
			files = (
			);
			runOnlyForDeploymentPostprocessing = 0;
		};
		1F63807B1C2E24D60051F986 /* Resources */ = {
			isa = PBXResourcesBuildPhase;
			buildActionMask = 2147483647;
			files = (
			);
			runOnlyForDeploymentPostprocessing = 0;
		};
		1F64C4CD1C7D790F00712829 /* Resources */ = {
			isa = PBXResourcesBuildPhase;
			buildActionMask = 2147483647;
			files = (
			);
			runOnlyForDeploymentPostprocessing = 0;
		};
/* End PBXResourcesBuildPhase section */

/* Begin PBXShellScriptBuildPhase section */
		42807F57A095C08C575C0169 /* Embed Pods Frameworks */ = {
			isa = PBXShellScriptBuildPhase;
			buildActionMask = 2147483647;
			files = (
			);
			inputPaths = (
			);
			name = "Embed Pods Frameworks";
			outputPaths = (
			);
			runOnlyForDeploymentPostprocessing = 0;
			shellPath = /bin/sh;
			shellScript = "\"${SRCROOT}/Pods/Target Support Files/Pods-CaptApp Apple TV/Pods-CaptApp Apple TV-frameworks.sh\"\n";
			showEnvVarsInLog = 0;
		};
		8BE2466C37616C355136F013 /* Check Pods Manifest.lock */ = {
			isa = PBXShellScriptBuildPhase;
			buildActionMask = 2147483647;
			files = (
			);
			inputPaths = (
			);
			name = "Check Pods Manifest.lock";
			outputPaths = (
			);
			runOnlyForDeploymentPostprocessing = 0;
			shellPath = /bin/sh;
			shellScript = "diff \"${PODS_ROOT}/../Podfile.lock\" \"${PODS_ROOT}/Manifest.lock\" > /dev/null\nif [[ $? != 0 ]] ; then\n    cat << EOM\nerror: The sandbox is not in sync with the Podfile.lock. Run 'pod install' or update your CocoaPods installation.\nEOM\n    exit 1\nfi\n";
			showEnvVarsInLog = 0;
		};
		F25C3F1B98D878E6B8BCB8A8 /* Copy Pods Resources */ = {
			isa = PBXShellScriptBuildPhase;
			buildActionMask = 2147483647;
			files = (
			);
			inputPaths = (
			);
			name = "Copy Pods Resources";
			outputPaths = (
			);
			runOnlyForDeploymentPostprocessing = 0;
			shellPath = /bin/sh;
			shellScript = "\"${SRCROOT}/Pods/Target Support Files/Pods-CaptApp Apple TV/Pods-CaptApp Apple TV-resources.sh\"\n";
			showEnvVarsInLog = 0;
		};
/* End PBXShellScriptBuildPhase section */

/* Begin PBXSourcesBuildPhase section */
		1F6380581C2E24D60051F986 /* Sources */ = {
			isa = PBXSourcesBuildPhase;
			buildActionMask = 2147483647;
			files = (
				1FEBE0041CAB0FC300E3F7C1 /* ReportsCollectionViewCell.m in Sources */,
				3FFBAC181CD19AD600504C75 /* NSMutableArray+QueueAdditions.m in Sources */,
				1F64C4E01C7F59CB00712829 /* LeaderBoardViewController.m in Sources */,
				1F6380671C2E24D60051F986 /* ViewController.m in Sources */,
				3FF94A631D051A5500D4426C /* MBProgressHUD.m in Sources */,
				3F6DD9601CF116750030749E /* AVExportCommand.m in Sources */,
				1F6380641C2E24D60051F986 /* AppDelegate.m in Sources */,
				3F6DD95D1CF114CE0030749E /* AVCommand.m in Sources */,
				1F6380611C2E24D60051F986 /* main.m in Sources */,
			);
			runOnlyForDeploymentPostprocessing = 0;
		};
		1F63806E1C2E24D60051F986 /* Sources */ = {
			isa = PBXSourcesBuildPhase;
			buildActionMask = 2147483647;
			files = (
				1F6380771C2E24D60051F986 /* CaptApp_Apple_TVTests.m in Sources */,
			);
			runOnlyForDeploymentPostprocessing = 0;
		};
		1F6380791C2E24D60051F986 /* Sources */ = {
			isa = PBXSourcesBuildPhase;
			buildActionMask = 2147483647;
			files = (
				1F6380821C2E24D70051F986 /* CaptApp_Apple_TVUITests.m in Sources */,
			);
			runOnlyForDeploymentPostprocessing = 0;
		};
		1F64C4CB1C7D790F00712829 /* Sources */ = {
			isa = PBXSourcesBuildPhase;
			buildActionMask = 2147483647;
			files = (
				1F64C4D51C7D790F00712829 /* ServiceProvider.m in Sources */,
			);
			runOnlyForDeploymentPostprocessing = 0;
		};
/* End PBXSourcesBuildPhase section */

/* Begin PBXTargetDependency section */
		1F6380741C2E24D60051F986 /* PBXTargetDependency */ = {
			isa = PBXTargetDependency;
			target = 1F63805B1C2E24D60051F986 /* CaptApp Apple TV */;
			targetProxy = 1F6380731C2E24D60051F986 /* PBXContainerItemProxy */;
		};
		1F63807F1C2E24D60051F986 /* PBXTargetDependency */ = {
			isa = PBXTargetDependency;
			target = 1F63805B1C2E24D60051F986 /* CaptApp Apple TV */;
			targetProxy = 1F63807E1C2E24D60051F986 /* PBXContainerItemProxy */;
		};
		1F64C4D81C7D790F00712829 /* PBXTargetDependency */ = {
			isa = PBXTargetDependency;
			target = 1F64C4CE1C7D790F00712829 /* captAppTopShelf */;
			targetProxy = 1F64C4D71C7D790F00712829 /* PBXContainerItemProxy */;
		};
/* End PBXTargetDependency section */

/* Begin PBXVariantGroup section */
		1F6380681C2E24D60051F986 /* Main.storyboard */ = {
			isa = PBXVariantGroup;
			children = (
				1F6380691C2E24D60051F986 /* Base */,
			);
			name = Main.storyboard;
			sourceTree = "<group>";
		};
/* End PBXVariantGroup section */

/* Begin XCBuildConfiguration section */
		1F6380841C2E24D70051F986 /* Debug */ = {
			isa = XCBuildConfiguration;
			buildSettings = {
				ALWAYS_SEARCH_USER_PATHS = NO;
				CLANG_CXX_LANGUAGE_STANDARD = "gnu++0x";
				CLANG_CXX_LIBRARY = "libc++";
				CLANG_ENABLE_MODULES = YES;
				CLANG_ENABLE_OBJC_ARC = YES;
				CLANG_WARN_BOOL_CONVERSION = YES;
				CLANG_WARN_CONSTANT_CONVERSION = YES;
				CLANG_WARN_DIRECT_OBJC_ISA_USAGE = YES_ERROR;
				CLANG_WARN_EMPTY_BODY = YES;
				CLANG_WARN_ENUM_CONVERSION = YES;
				CLANG_WARN_INT_CONVERSION = YES;
				CLANG_WARN_OBJC_ROOT_CLASS = YES_ERROR;
				CLANG_WARN_UNREACHABLE_CODE = YES;
				CLANG_WARN__DUPLICATE_METHOD_MATCH = YES;
				CODE_SIGN_IDENTITY = "iPhone Developer: Jeffrey Wells (P8APW69S8H)";
				COPY_PHASE_STRIP = NO;
				DEBUG_INFORMATION_FORMAT = dwarf;
				ENABLE_STRICT_OBJC_MSGSEND = YES;
				ENABLE_TESTABILITY = YES;
				GCC_C_LANGUAGE_STANDARD = gnu99;
				GCC_DYNAMIC_NO_PIC = NO;
				GCC_NO_COMMON_BLOCKS = YES;
				GCC_OPTIMIZATION_LEVEL = 0;
				GCC_PREPROCESSOR_DEFINITIONS = (
					"DEBUG=1",
					"$(inherited)",
				);
				GCC_WARN_64_TO_32_BIT_CONVERSION = YES;
				GCC_WARN_ABOUT_RETURN_TYPE = YES_ERROR;
				GCC_WARN_UNDECLARED_SELECTOR = YES;
				GCC_WARN_UNINITIALIZED_AUTOS = YES_AGGRESSIVE;
				GCC_WARN_UNUSED_FUNCTION = YES;
				GCC_WARN_UNUSED_VARIABLE = YES;
				MTL_ENABLE_DEBUG_INFO = YES;
				ONLY_ACTIVE_ARCH = YES;
				PROVISIONING_PROFILE = "c0ce4afa-7407-49bd-bd8e-4448aa1699ff";
				SDKROOT = appletvos;
				TARGETED_DEVICE_FAMILY = 3;
				TVOS_DEPLOYMENT_TARGET = 9.1;
			};
			name = Debug;
		};
		1F6380851C2E24D70051F986 /* Release */ = {
			isa = XCBuildConfiguration;
			buildSettings = {
				ALWAYS_SEARCH_USER_PATHS = NO;
				CLANG_CXX_LANGUAGE_STANDARD = "gnu++0x";
				CLANG_CXX_LIBRARY = "libc++";
				CLANG_ENABLE_MODULES = YES;
				CLANG_ENABLE_OBJC_ARC = YES;
				CLANG_WARN_BOOL_CONVERSION = YES;
				CLANG_WARN_CONSTANT_CONVERSION = YES;
				CLANG_WARN_DIRECT_OBJC_ISA_USAGE = YES_ERROR;
				CLANG_WARN_EMPTY_BODY = YES;
				CLANG_WARN_ENUM_CONVERSION = YES;
				CLANG_WARN_INT_CONVERSION = YES;
				CLANG_WARN_OBJC_ROOT_CLASS = YES_ERROR;
				CLANG_WARN_UNREACHABLE_CODE = YES;
				CLANG_WARN__DUPLICATE_METHOD_MATCH = YES;
				CODE_SIGN_IDENTITY = "iPhone Developer: Jeffrey Wells (P8APW69S8H)";
				COPY_PHASE_STRIP = NO;
				DEBUG_INFORMATION_FORMAT = "dwarf-with-dsym";
				ENABLE_NS_ASSERTIONS = NO;
				ENABLE_STRICT_OBJC_MSGSEND = YES;
				GCC_C_LANGUAGE_STANDARD = gnu99;
				GCC_NO_COMMON_BLOCKS = YES;
				GCC_WARN_64_TO_32_BIT_CONVERSION = YES;
				GCC_WARN_ABOUT_RETURN_TYPE = YES_ERROR;
				GCC_WARN_UNDECLARED_SELECTOR = YES;
				GCC_WARN_UNINITIALIZED_AUTOS = YES_AGGRESSIVE;
				GCC_WARN_UNUSED_FUNCTION = YES;
				GCC_WARN_UNUSED_VARIABLE = YES;
				MTL_ENABLE_DEBUG_INFO = NO;
				PROVISIONING_PROFILE = "c0ce4afa-7407-49bd-bd8e-4448aa1699ff";
				SDKROOT = appletvos;
				TARGETED_DEVICE_FAMILY = 3;
				TVOS_DEPLOYMENT_TARGET = 9.1;
				VALIDATE_PRODUCT = YES;
			};
			name = Release;
		};
		1F6380871C2E24D70051F986 /* Debug */ = {
			isa = XCBuildConfiguration;
			baseConfigurationReference = 73218D3516B947D4E367C246 /* Pods-CaptApp Apple TV.debug.xcconfig */;
			buildSettings = {
				ASSETCATALOG_COMPILER_APPICON_NAME = "App Icon & Top Shelf Image";
				ASSETCATALOG_COMPILER_LAUNCHIMAGE_NAME = LaunchImage;
				CODE_SIGN_IDENTITY = "";
				"CODE_SIGN_IDENTITY[sdk=appletvos*]" = "";
				INFOPLIST_FILE = "CaptApp Apple TV/Info.plist";
				LD_RUNPATH_SEARCH_PATHS = "$(inherited) @executable_path/Frameworks";
				LIBRARY_SEARCH_PATHS = (
					"$(inherited)",
					"$(PROJECT_DIR)/AFNetworking",
				);
				OTHER_LDFLAGS = (
					"-ObjC",
					"$(inherited)",
				);
				PRODUCT_BUNDLE_IDENTIFIER = "com.captapp.tv.CaptApp-Apple-TV";
				PRODUCT_NAME = "$(TARGET_NAME)";
				PROVISIONING_PROFILE = "c0ce4afa-7407-49bd-bd8e-4448aa1699ff";
				SDKROOT = appletvos;
				TVOS_DEPLOYMENT_TARGET = 9.0;
				VALID_ARCHS = "armv7s armv7 arm64";
			};
			name = Debug;
		};
		1F6380881C2E24D70051F986 /* Release */ = {
			isa = XCBuildConfiguration;
			baseConfigurationReference = 417EB96A11B5203FF5F09FEF /* Pods-CaptApp Apple TV.release.xcconfig */;
			buildSettings = {
				ASSETCATALOG_COMPILER_APPICON_NAME = "App Icon & Top Shelf Image";
				ASSETCATALOG_COMPILER_LAUNCHIMAGE_NAME = LaunchImage;
				CODE_SIGN_IDENTITY = "";
				"CODE_SIGN_IDENTITY[sdk=appletvos*]" = "";
				INFOPLIST_FILE = "CaptApp Apple TV/Info.plist";
				LD_RUNPATH_SEARCH_PATHS = "$(inherited) @executable_path/Frameworks";
				LIBRARY_SEARCH_PATHS = (
					"$(inherited)",
					"$(PROJECT_DIR)/AFNetworking",
				);
				OTHER_LDFLAGS = (
					"-ObjC",
					"$(inherited)",
				);
				PRODUCT_BUNDLE_IDENTIFIER = "com.captapp.tv.CaptApp-Apple-TV";
				PRODUCT_NAME = "$(TARGET_NAME)";
				PROVISIONING_PROFILE = "c0ce4afa-7407-49bd-bd8e-4448aa1699ff";
				SDKROOT = appletvos;
				TVOS_DEPLOYMENT_TARGET = 9.0;
				VALID_ARCHS = "armv7s armv7 arm64";
			};
			name = Release;
		};
		1F63808A1C2E24D70051F986 /* Debug */ = {
			isa = XCBuildConfiguration;
			buildSettings = {
				BUNDLE_LOADER = "$(TEST_HOST)";
				INFOPLIST_FILE = "CaptApp Apple TVTests/Info.plist";
				LD_RUNPATH_SEARCH_PATHS = "$(inherited) @executable_path/Frameworks @loader_path/Frameworks";
				PRODUCT_BUNDLE_IDENTIFIER = "com.captapp.tv.CaptApp-Apple-TVTests";
				PRODUCT_NAME = "$(TARGET_NAME)";
				TEST_HOST = "$(BUILT_PRODUCTS_DIR)/CaptApp Apple TV.app/CaptApp Apple TV";
			};
			name = Debug;
		};
		1F63808B1C2E24D70051F986 /* Release */ = {
			isa = XCBuildConfiguration;
			buildSettings = {
				BUNDLE_LOADER = "$(TEST_HOST)";
				INFOPLIST_FILE = "CaptApp Apple TVTests/Info.plist";
				LD_RUNPATH_SEARCH_PATHS = "$(inherited) @executable_path/Frameworks @loader_path/Frameworks";
				PRODUCT_BUNDLE_IDENTIFIER = "com.captapp.tv.CaptApp-Apple-TVTests";
				PRODUCT_NAME = "$(TARGET_NAME)";
				TEST_HOST = "$(BUILT_PRODUCTS_DIR)/CaptApp Apple TV.app/CaptApp Apple TV";
			};
			name = Release;
		};
		1F63808D1C2E24D70051F986 /* Debug */ = {
			isa = XCBuildConfiguration;
			buildSettings = {
				INFOPLIST_FILE = "CaptApp Apple TVUITests/Info.plist";
				LD_RUNPATH_SEARCH_PATHS = "$(inherited) @executable_path/Frameworks @loader_path/Frameworks";
				PRODUCT_BUNDLE_IDENTIFIER = "com.captapp.tv.CaptApp-Apple-TVUITests";
				PRODUCT_NAME = "$(TARGET_NAME)";
				TEST_TARGET_NAME = "CaptApp Apple TV";
				USES_XCTRUNNER = YES;
			};
			name = Debug;
		};
		1F63808E1C2E24D70051F986 /* Release */ = {
			isa = XCBuildConfiguration;
			buildSettings = {
				INFOPLIST_FILE = "CaptApp Apple TVUITests/Info.plist";
				LD_RUNPATH_SEARCH_PATHS = "$(inherited) @executable_path/Frameworks @loader_path/Frameworks";
				PRODUCT_BUNDLE_IDENTIFIER = "com.captapp.tv.CaptApp-Apple-TVUITests";
				PRODUCT_NAME = "$(TARGET_NAME)";
				TEST_TARGET_NAME = "CaptApp Apple TV";
				USES_XCTRUNNER = YES;
			};
			name = Release;
		};
		1F64C4DB1C7D790F00712829 /* Debug */ = {
			isa = XCBuildConfiguration;
			buildSettings = {
				CODE_SIGN_IDENTITY = "iPhone Developer";
				"CODE_SIGN_IDENTITY[sdk=appletvos*]" = "iPhone Developer: Jeffrey Wells (P8APW69S8H)";
				INFOPLIST_FILE = captAppTopShelf/Info.plist;
				LD_RUNPATH_SEARCH_PATHS = "$(inherited) @executable_path/Frameworks @executable_path/../../Frameworks";
				PRODUCT_BUNDLE_IDENTIFIER = "com.captapp.tv.CaptApp-Apple-TV.captAppTopShelf";
				PRODUCT_NAME = "$(TARGET_NAME)";
				PROVISIONING_PROFILE = "c0ce4afa-7407-49bd-bd8e-4448aa1699ff";
				SKIP_INSTALL = YES;
			};
			name = Debug;
		};
		1F64C4DC1C7D790F00712829 /* Release */ = {
			isa = XCBuildConfiguration;
			buildSettings = {
				CODE_SIGN_IDENTITY = "iPhone Developer";
				"CODE_SIGN_IDENTITY[sdk=appletvos*]" = "iPhone Developer: Jeffrey Wells (P8APW69S8H)";
				INFOPLIST_FILE = captAppTopShelf/Info.plist;
				LD_RUNPATH_SEARCH_PATHS = "$(inherited) @executable_path/Frameworks @executable_path/../../Frameworks";
				PRODUCT_BUNDLE_IDENTIFIER = "com.captapp.tv.CaptApp-Apple-TV.captAppTopShelf";
				PRODUCT_NAME = "$(TARGET_NAME)";
				PROVISIONING_PROFILE = "c0ce4afa-7407-49bd-bd8e-4448aa1699ff";
				SKIP_INSTALL = YES;
			};
			name = Release;
		};
/* End XCBuildConfiguration section */

/* Begin XCConfigurationList section */
		1F6380571C2E24D60051F986 /* Build configuration list for PBXProject "CaptApp Apple TV" */ = {
			isa = XCConfigurationList;
			buildConfigurations = (
				1F6380841C2E24D70051F986 /* Debug */,
				1F6380851C2E24D70051F986 /* Release */,
			);
			defaultConfigurationIsVisible = 0;
			defaultConfigurationName = Debug;
		};
		1F6380861C2E24D70051F986 /* Build configuration list for PBXNativeTarget "CaptApp Apple TV" */ = {
			isa = XCConfigurationList;
			buildConfigurations = (
				1F6380871C2E24D70051F986 /* Debug */,
				1F6380881C2E24D70051F986 /* Release */,
			);
			defaultConfigurationIsVisible = 0;
			defaultConfigurationName = Debug;
		};
		1F6380891C2E24D70051F986 /* Build configuration list for PBXNativeTarget "CaptApp Apple TVTests" */ = {
			isa = XCConfigurationList;
			buildConfigurations = (
				1F63808A1C2E24D70051F986 /* Debug */,
				1F63808B1C2E24D70051F986 /* Release */,
			);
			defaultConfigurationIsVisible = 0;
			defaultConfigurationName = Debug;
		};
		1F63808C1C2E24D70051F986 /* Build configuration list for PBXNativeTarget "CaptApp Apple TVUITests" */ = {
			isa = XCConfigurationList;
			buildConfigurations = (
				1F63808D1C2E24D70051F986 /* Debug */,
				1F63808E1C2E24D70051F986 /* Release */,
			);
			defaultConfigurationIsVisible = 0;
			defaultConfigurationName = Debug;
		};
		1F64C4DA1C7D790F00712829 /* Build configuration list for PBXNativeTarget "captAppTopShelf" */ = {
			isa = XCConfigurationList;
			buildConfigurations = (
				1F64C4DB1C7D790F00712829 /* Debug */,
				1F64C4DC1C7D790F00712829 /* Release */,
			);
			defaultConfigurationIsVisible = 0;
			defaultConfigurationName = Debug;
		};
/* End XCConfigurationList section */
	};
	rootObject = 1F6380541C2E24D60051F986 /* Project object */;
}
